// !$*UTF8*$!
{
	archiveVersion = 1;
	classes = {
	};
	objectVersion = 56;
	objects = {

/* Begin PBXBuildFile section */
		1ABACBD48C609A5EB5CB6F52 /* BespokeAssignmentView.swift in Sources */ = {isa = PBXBuildFile; fileRef = 1FD85854D95441CC81C78ED7 /* BespokeAssignmentView.swift */; };
		279173E582A657FCBCA25B14 /* BespokeGroupDetailView.swift in Sources */ = {isa = PBXBuildFile; fileRef = EA7DC6A521E4BEB545F1EC23 /* BespokeGroupDetailView.swift */; };
		36BC2AD6377F171B6874B3D1 /* BespokeBalancesView.swift in Sources */ = {isa = PBXBuildFile; fileRef = 23833B0233221D8E31645DD5 /* BespokeBalancesView.swift */; };
		794AE32FFA52715047517BA7 /* RootView.swift in Sources */ = {isa = PBXBuildFile; fileRef = E86C49605C5E682421CAF20A /* RootView.swift */; };
		8D89A4CD21D0AEB7CBC15BE4 /* ContentView.swift in Sources */ = {isa = PBXBuildFile; fileRef = 62D36259AAAC3AD0F3B5B310 /* ContentView.swift */; };
		9D17436BA44F11271A1B35ED /* FidelityModels.swift in Sources */ = {isa = PBXBuildFile; fileRef = 288E9A97CD1DCEDC114F4F83 /* FidelityModels.swift */; };
		B88D17FDFB2A7B5DC8839E0D /* BespokeHomeView.swift in Sources */ = {isa = PBXBuildFile; fileRef = 5983C2A3D640B38F00C63D41 /* BespokeHomeView.swift */; };
		BADB4A6593DAA589FDF2E779 /* FidelityAPI.swift in Sources */ = {isa = PBXBuildFile; fileRef = 7384167ED510C7E731D210FF /* FidelityAPI.swift */; };
		D1B143F6883F8722D0F9AF6B /* FidelityApp.swift in Sources */ = {isa = PBXBuildFile; fileRef = 8CBAA6889D5AABE0FE712137 /* FidelityApp.swift */; };
		D6387988F6183527742F22A3 /* BespokeCaptureView.swift in Sources */ = {isa = PBXBuildFile; fileRef = 0FCBB815C7617E55E3F10C33 /* BespokeCaptureView.swift */; };
		EA5994F8FD7AE562864B3FE0 /* PaymentDeepLinkBuilder.swift in Sources */ = {isa = PBXBuildFile; fileRef = AE0DD3162CD14C0C264794CD /* PaymentDeepLinkBuilder.swift */; };
		F22D06EA8B94BE6B4B5B8043 /* DesignSystem.swift in Sources */ = {isa = PBXBuildFile; fileRef = 65A83A8AEB29472E8FA1E502 /* DesignSystem.swift */; };
/* End PBXBuildFile section */

/* Begin PBXFileReference section */
		0FCBB815C7617E55E3F10C33 /* BespokeCaptureView.swift */ = {isa = PBXFileReference; lastKnownFileType = sourcecode.swift; path = BespokeCaptureView.swift; sourceTree = "<group>"; };
		1FD85854D95441CC81C78ED7 /* BespokeAssignmentView.swift */ = {isa = PBXFileReference; lastKnownFileType = sourcecode.swift; path = BespokeAssignmentView.swift; sourceTree = "<group>"; };
		23833B0233221D8E31645DD5 /* BespokeBalancesView.swift */ = {isa = PBXFileReference; lastKnownFileType = sourcecode.swift; path = BespokeBalancesView.swift; sourceTree = "<group>"; };
		288E9A97CD1DCEDC114F4F83 /* FidelityModels.swift */ = {isa = PBXFileReference; lastKnownFileType = sourcecode.swift; path = FidelityModels.swift; sourceTree = "<group>"; };
		5983C2A3D640B38F00C63D41 /* BespokeHomeView.swift */ = {isa = PBXFileReference; lastKnownFileType = sourcecode.swift; path = BespokeHomeView.swift; sourceTree = "<group>"; };
		62D36259AAAC3AD0F3B5B310 /* ContentView.swift */ = {isa = PBXFileReference; lastKnownFileType = sourcecode.swift; path = ContentView.swift; sourceTree = "<group>"; };
		65A83A8AEB29472E8FA1E502 /* DesignSystem.swift */ = {isa = PBXFileReference; lastKnownFileType = sourcecode.swift; path = DesignSystem.swift; sourceTree = "<group>"; };
		7384167ED510C7E731D210FF /* FidelityAPI.swift */ = {isa = PBXFileReference; lastKnownFileType = sourcecode.swift; path = FidelityAPI.swift; sourceTree = "<group>"; };
		8CBAA6889D5AABE0FE712137 /* FidelityApp.swift */ = {isa = PBXFileReference; lastKnownFileType = sourcecode.swift; path = FidelityApp.swift; sourceTree = "<group>"; };
		A7C260A47427DA71B5659AF7 /* Fidelity.app */ = {isa = PBXFileReference; explicitFileType = wrapper.application; includeInIndex = 0; path = Fidelity.app; sourceTree = BUILT_PRODUCTS_DIR; };
		AE0DD3162CD14C0C264794CD /* PaymentDeepLinkBuilder.swift */ = {isa = PBXFileReference; lastKnownFileType = sourcecode.swift; path = PaymentDeepLinkBuilder.swift; sourceTree = "<group>"; };
		E86C49605C5E682421CAF20A /* RootView.swift */ = {isa = PBXFileReference; lastKnownFileType = sourcecode.swift; path = RootView.swift; sourceTree = "<group>"; };
		EA7DC6A521E4BEB545F1EC23 /* BespokeGroupDetailView.swift */ = {isa = PBXFileReference; lastKnownFileType = sourcecode.swift; path = BespokeGroupDetailView.swift; sourceTree = "<group>"; };
/* End PBXFileReference section */

/* Begin PBXGroup section */
		259918247DC67EF9E4349BA3 /* Sources */ = {
			isa = PBXGroup;
			children = (
				403BB8FBDAA6F9589E22F8C1 /* App */,
				D172EACD869C6A273B0C7D36 /* Models */,
				4E8D836DB7263C9BA16E321F /* Services */,
				B86236541387BB0060D60248 /* Views */,
			);
			path = Sources;
			sourceTree = "<group>";
		};
		403BB8FBDAA6F9589E22F8C1 /* App */ = {
			isa = PBXGroup;
			children = (
				62D36259AAAC3AD0F3B5B310 /* ContentView.swift */,
				7384167ED510C7E731D210FF /* FidelityAPI.swift */,
				8CBAA6889D5AABE0FE712137 /* FidelityApp.swift */,
			);
			path = App;
			sourceTree = "<group>";
		};
		4E8D836DB7263C9BA16E321F /* Services */ = {
			isa = PBXGroup;
			children = (
				AE0DD3162CD14C0C264794CD /* PaymentDeepLinkBuilder.swift */,
			);
			path = Services;
			sourceTree = "<group>";
		};
		9B21BBA5823A5754D1882895 /* Fidelity */ = {
			isa = PBXGroup;
			children = (
				259918247DC67EF9E4349BA3 /* Sources */,
			);
			path = Fidelity;
			sourceTree = "<group>";
		};
		A465EAAC1F9D0F6E4F23AF42 = {
			isa = PBXGroup;
			children = (
				9B21BBA5823A5754D1882895 /* Fidelity */,
				F5ECBD7F33BA2B6F753FB362 /* Products */,
			);
			sourceTree = "<group>";
		};
		B86236541387BB0060D60248 /* Views */ = {
			isa = PBXGroup;
			children = (
				1FD85854D95441CC81C78ED7 /* BespokeAssignmentView.swift */,
				23833B0233221D8E31645DD5 /* BespokeBalancesView.swift */,
				0FCBB815C7617E55E3F10C33 /* BespokeCaptureView.swift */,
				EA7DC6A521E4BEB545F1EC23 /* BespokeGroupDetailView.swift */,
				5983C2A3D640B38F00C63D41 /* BespokeHomeView.swift */,
				65A83A8AEB29472E8FA1E502 /* DesignSystem.swift */,
				E86C49605C5E682421CAF20A /* RootView.swift */,
			);
			path = Views;
			sourceTree = "<group>";
		};
		D172EACD869C6A273B0C7D36 /* Models */ = {
			isa = PBXGroup;
			children = (
				288E9A97CD1DCEDC114F4F83 /* FidelityModels.swift */,
			);
			path = Models;
			sourceTree = "<group>";
		};
		F5ECBD7F33BA2B6F753FB362 /* Products */ = {
			isa = PBXGroup;
			children = (
				A7C260A47427DA71B5659AF7 /* Fidelity.app */,
			);
			name = Products;
			sourceTree = "<group>";
		};
/* End PBXGroup section */

/* Begin PBXNativeTarget section */
		7FC7A5CE2D0335664C4C6DB0 /* Fidelity */ = {
			isa = PBXNativeTarget;
			buildConfigurationList = 821BDC5DCF98B2C238237E73 /* Build configuration list for PBXNativeTarget "Fidelity" */;
			buildPhases = (
				F8C04CEBE062CB50BCE20E5C /* Sources */,
			);
			buildRules = (
			);
			dependencies = (
			);
			name = Fidelity;
			productName = Fidelity;
			productReference = A7C260A47427DA71B5659AF7 /* Fidelity.app */;
			productType = "com.apple.product-type.application";
		};
/* End PBXNativeTarget section */

/* Begin PBXProject section */
		DE456548841F38704C858C39 /* Project object */ = {
			isa = PBXProject;
			attributes = {
				BuildIndependentTargetsInParallel = YES;
				LastUpgradeCheck = 1430;
			};
			buildConfigurationList = EC9ADE138F8B0034A402A53A /* Build configuration list for PBXProject "Fidelity" */;
			compatibilityVersion = "Xcode 14.0";
			developmentRegion = en;
			hasScannedForEncodings = 0;
			knownRegions = (
				Base,
				en,
			);
			mainGroup = A465EAAC1F9D0F6E4F23AF42;
			projectDirPath = "";
			projectRoot = "";
			targets = (
				7FC7A5CE2D0335664C4C6DB0 /* Fidelity */,
			);
		};
/* End PBXProject section */

/* Begin PBXSourcesBuildPhase section */
		F8C04CEBE062CB50BCE20E5C /* Sources */ = {
			isa = PBXSourcesBuildPhase;
			buildActionMask = 2147483647;
			files = (
				1ABACBD48C609A5EB5CB6F52 /* BespokeAssignmentView.swift in Sources */,
				36BC2AD6377F171B6874B3D1 /* BespokeBalancesView.swift in Sources */,
				D6387988F6183527742F22A3 /* BespokeCaptureView.swift in Sources */,
				279173E582A657FCBCA25B14 /* BespokeGroupDetailView.swift in Sources */,
				B88D17FDFB2A7B5DC8839E0D /* BespokeHomeView.swift in Sources */,
				8D89A4CD21D0AEB7CBC15BE4 /* ContentView.swift in Sources */,
				F22D06EA8B94BE6B4B5B8043 /* DesignSystem.swift in Sources */,
				BADB4A6593DAA589FDF2E779 /* FidelityAPI.swift in Sources */,
				D1B143F6883F8722D0F9AF6B /* FidelityApp.swift in Sources */,
				9D17436BA44F11271A1B35ED /* FidelityModels.swift in Sources */,
				EA5994F8FD7AE562864B3FE0 /* PaymentDeepLinkBuilder.swift in Sources */,
				794AE32FFA52715047517BA7 /* RootView.swift in Sources */,
			);
			runOnlyForDeploymentPostprocessing = 0;
		};
/* End PBXSourcesBuildPhase section */

/* Begin XCBuildConfiguration section */
		2C78BA759F22C499822D1381 /* Debug */ = {
			isa = XCBuildConfiguration;
			buildSettings = {
				ASSETCATALOG_COMPILER_APPICON_NAME = AppIcon;
				CODE_SIGN_IDENTITY = "iPhone Developer";
				CURRENT_PROJECT_VERSION = 1;
				DEVELOPMENT_TEAM = JVN85DQM27;
				GENERATE_INFOPLIST_FILE = YES;
				INFOPLIST_KEY_NSAppTransportSecurity = "<dict><key>NSAllowsArbitraryLoads</key><true/></dict>";
				INFOPLIST_KEY_UIApplicationSceneManifest_Generation = YES;
				INFOPLIST_KEY_UILaunchScreen_Generation = YES;
				INFOPLIST_KEY_UIUserInterfaceStyle = Dark;
				IPHONEOS_DEPLOYMENT_TARGET = 17.0;
				LD_RUNPATH_SEARCH_PATHS = (
					"$(inherited)",
					"@executable_path/Frameworks",
				);
				MARKETING_VERSION = 1.0.0;
				PRODUCT_BUNDLE_IDENTIFIER = com.fidelity.Fidelity;
				SDKROOT = iphoneos;
				SWIFT_VERSION = 5.0;
				TARGETED_DEVICE_FAMILY = 1;
			};
			name = Debug;
		};
		7E5D669D7B492E7EC65A5E95 /* Debug */ = {
			isa = XCBuildConfiguration;
			buildSettings = {
				ALWAYS_SEARCH_USER_PATHS = NO;
				CLANG_ANALYZER_NONNULL = YES;
				CLANG_ANALYZER_NUMBER_OBJECT_CONVERSION = YES_AGGRESSIVE;
				CLANG_CXX_LANGUAGE_STANDARD = "gnu++14";
				CLANG_CXX_LIBRARY = "libc++";
				CLANG_ENABLE_MODULES = YES;
				CLANG_ENABLE_OBJC_ARC = YES;
				CLANG_ENABLE_OBJC_WEAK = YES;
				CLANG_WARN_BLOCK_CAPTURE_AUTORELEASING = YES;
				CLANG_WARN_BOOL_CONVERSION = YES;
				CLANG_WARN_COMMA = YES;
				CLANG_WARN_CONSTANT_CONVERSION = YES;
				CLANG_WARN_DEPRECATED_OBJC_IMPLEMENTATIONS = YES;
				CLANG_WARN_DIRECT_OBJC_ISA_USAGE = YES_ERROR;
				CLANG_WARN_DOCUMENTATION_COMMENTS = YES;
				CLANG_WARN_EMPTY_BODY = YES;
				CLANG_WARN_ENUM_CONVERSION = YES;
				CLANG_WARN_INFINITE_RECURSION = YES;
				CLANG_WARN_INT_CONVERSION = YES;
				CLANG_WARN_NON_LITERAL_NULL_CONVERSION = YES;
				CLANG_WARN_OBJC_IMPLICIT_RETAIN_SELF = YES;
				CLANG_WARN_OBJC_LITERAL_CONVERSION = YES;
				CLANG_WARN_OBJC_ROOT_CLASS = YES_ERROR;
				CLANG_WARN_QUOTED_INCLUDE_IN_FRAMEWORK_HEADER = YES;
				CLANG_WARN_RANGE_LOOP_ANALYSIS = YES;
				CLANG_WARN_STRICT_PROTOTYPES = YES;
				CLANG_WARN_SUSPICIOUS_MOVE = YES;
				CLANG_WARN_UNGUARDED_AVAILABILITY = YES_AGGRESSIVE;
				CLANG_WARN_UNREACHABLE_CODE = YES;
				CLANG_WARN__DUPLICATE_METHOD_MATCH = YES;
				COPY_PHASE_STRIP = NO;
				DEBUG_INFORMATION_FORMAT = dwarf;
				ENABLE_STRICT_OBJC_MSGSEND = YES;
				ENABLE_TESTABILITY = YES;
				GCC_C_LANGUAGE_STANDARD = gnu11;
				GCC_DYNAMIC_NO_PIC = NO;
				GCC_NO_COMMON_BLOCKS = YES;
				GCC_OPTIMIZATION_LEVEL = 0;
				GCC_PREPROCESSOR_DEFINITIONS = (
					"$(inherited)",
					"DEBUG=1",
				);
				GCC_WARN_64_TO_32_BIT_CONVERSION = YES;
				GCC_WARN_ABOUT_RETURN_TYPE = YES_ERROR;
				GCC_WARN_UNDECLARED_SELECTOR = YES;
				GCC_WARN_UNINITIALIZED_AUTOS = YES_AGGRESSIVE;
				GCC_WARN_UNUSED_FUNCTION = YES;
				GCC_WARN_UNUSED_VARIABLE = YES;
				IPHONEOS_DEPLOYMENT_TARGET = 17.0;
				MTL_ENABLE_DEBUG_INFO = INCLUDE_SOURCE;
				MTL_FAST_MATH = YES;
				ONLY_ACTIVE_ARCH = YES;
				PRODUCT_NAME = "$(TARGET_NAME)";
				SDKROOT = iphoneos;
				SWIFT_ACTIVE_COMPILATION_CONDITIONS = DEBUG;
				SWIFT_OPTIMIZATION_LEVEL = "-Onone";
				SWIFT_VERSION = 5.0;
			};
			name = Debug;
		};
		804ECDC38C329C2D91F384A5 /* Release */ = {
			isa = XCBuildConfiguration;
			buildSettings = {
				ASSETCATALOG_COMPILER_APPICON_NAME = AppIcon;
				CODE_SIGN_IDENTITY = "iPhone Developer";
				CURRENT_PROJECT_VERSION = 1;
				DEVELOPMENT_TEAM = JVN85DQM27;
				GENERATE_INFOPLIST_FILE = YES;
				INFOPLIST_KEY_NSAppTransportSecurity = "<dict><key>NSAllowsArbitraryLoads</key><true/></dict>";
				INFOPLIST_KEY_UIApplicationSceneManifest_Generation = YES;
				INFOPLIST_KEY_UILaunchScreen_Generation = YES;
				INFOPLIST_KEY_UIUserInterfaceStyle = Dark;
				IPHONEOS_DEPLOYMENT_TARGET = 17.0;
				LD_RUNPATH_SEARCH_PATHS = (
					"$(inherited)",
					"@executable_path/Frameworks",
				);
				MARKETING_VERSION = 1.0.0;
				PRODUCT_BUNDLE_IDENTIFIER = com.fidelity.Fidelity;
				SDKROOT = iphoneos;
				SWIFT_VERSION = 5.0;
				TARGETED_DEVICE_FAMILY = 1;
			};
			name = Release;
		};
		FD02319256214213C7EFE55F /* Release */ = {
			isa = XCBuildConfiguration;
			buildSettings = {
				ALWAYS_SEARCH_USER_PATHS = NO;
				CLANG_ANALYZER_NONNULL = YES;
				CLANG_ANALYZER_NUMBER_OBJECT_CONVERSION = YES_AGGRESSIVE;
				CLANG_CXX_LANGUAGE_STANDARD = "gnu++14";
				CLANG_CXX_LIBRARY = "libc++";
				CLANG_ENABLE_MODULES = YES;
				CLANG_ENABLE_OBJC_ARC = YES;
				CLANG_ENABLE_OBJC_WEAK = YES;
				CLANG_WARN_BLOCK_CAPTURE_AUTORELEASING = YES;
				CLANG_WARN_BOOL_CONVERSION = YES;
				CLANG_WARN_COMMA = YES;
				CLANG_WARN_CONSTANT_CONVERSION = YES;
				CLANG_WARN_DEPRECATED_OBJC_IMPLEMENTATIONS = YES;
				CLANG_WARN_DIRECT_OBJC_ISA_USAGE = YES_ERROR;
				CLANG_WARN_DOCUMENTATION_COMMENTS = YES;
				CLANG_WARN_EMPTY_BODY = YES;
				CLANG_WARN_ENUM_CONVERSION = YES;
				CLANG_WARN_INFINITE_RECURSION = YES;
				CLANG_WARN_INT_CONVERSION = YES;
				CLANG_WARN_NON_LITERAL_NULL_CONVERSION = YES;
				CLANG_WARN_OBJC_IMPLICIT_RETAIN_SELF = YES;
				CLANG_WARN_OBJC_LITERAL_CONVERSION = YES;
				CLANG_WARN_OBJC_ROOT_CLASS = YES_ERROR;
				CLANG_WARN_QUOTED_INCLUDE_IN_FRAMEWORK_HEADER = YES;
				CLANG_WARN_RANGE_LOOP_ANALYSIS = YES;
				CLANG_WARN_STRICT_PROTOTYPES = YES;
				CLANG_WARN_SUSPICIOUS_MOVE = YES;
				CLANG_WARN_UNGUARDED_AVAILABILITY = YES_AGGRESSIVE;
				CLANG_WARN_UNREACHABLE_CODE = YES;
				CLANG_WARN__DUPLICATE_METHOD_MATCH = YES;
				COPY_PHASE_STRIP = NO;
				DEBUG_INFORMATION_FORMAT = "dwarf-with-dsym";
				ENABLE_NS_ASSERTIONS = NO;
				ENABLE_STRICT_OBJC_MSGSEND = YES;
				GCC_C_LANGUAGE_STANDARD = gnu11;
				GCC_NO_COMMON_BLOCKS = YES;
				GCC_WARN_64_TO_32_BIT_CONVERSION = YES;
				GCC_WARN_ABOUT_RETURN_TYPE = YES_ERROR;
				GCC_WARN_UNDECLARED_SELECTOR = YES;
				GCC_WARN_UNINITIALIZED_AUTOS = YES_AGGRESSIVE;
				GCC_WARN_UNUSED_FUNCTION = YES;
				GCC_WARN_UNUSED_VARIABLE = YES;
				IPHONEOS_DEPLOYMENT_TARGET = 17.0;
				MTL_ENABLE_DEBUG_INFO = NO;
				MTL_FAST_MATH = YES;
				PRODUCT_NAME = "$(TARGET_NAME)";
				SDKROOT = iphoneos;
				SWIFT_COMPILATION_MODE = wholemodule;
				SWIFT_OPTIMIZATION_LEVEL = "-O";
				SWIFT_VERSION = 5.0;
			};
			name = Release;
		};
/* End XCBuildConfiguration section */

/* Begin XCConfigurationList section */
		821BDC5DCF98B2C238237E73 /* Build configuration list for PBXNativeTarget "Fidelity" */ = {
			isa = XCConfigurationList;
			buildConfigurations = (
				2C78BA759F22C499822D1381 /* Debug */,
				804ECDC38C329C2D91F384A5 /* Release */,
			);
			defaultConfigurationIsVisible = 0;
			defaultConfigurationName = Debug;
		};
		EC9ADE138F8B0034A402A53A /* Build configuration list for PBXProject "Fidelity" */ = {
			isa = XCConfigurationList;
			buildConfigurations = (
				7E5D669D7B492E7EC65A5E95 /* Debug */,
				FD02319256214213C7EFE55F /* Release */,
			);
			defaultConfigurationIsVisible = 0;
			defaultConfigurationName = Debug;
		};
/* End XCConfigurationList section */
	};
	rootObject = DE456548841F38704C858C39 /* Project object */;
}
